
Microsoft Visual Studio Solution File, Format Version 12.00
# Visual Studio 15
VisualStudioVersion = 15.0.27703.2042
MinimumVisualStudioVersion = 10.0.40219.1
Project("{FAE04EC0-301F-11D3-BF4B-00C04F79EFBC}") = "Lab-DataGrid", "Lab-DataGrid\Lab-DataGrid.csproj", "{CF0C2812-9349-418F-AC44-F6822DEE9229}"
EndProject
Global
	GlobalSection(SolutionConfigurationPlatforms) = preSolution
		Debug|Any CPU = Debug|Any CPU
		Release|Any CPU = Release|Any CPU
	EndGlobalSection
	GlobalSection(ProjectConfigurationPlatforms) = postSolution
		{CF0C2812-9349-418F-AC44-F6822DEE9229}.Debug|Any CPU.ActiveCfg = Debug|Any CPU
		{CF0C2812-9349-418F-AC44-F6822DEE9229}.Debug|Any CPU.Build.0 = Debug|Any CPU
		{CF0C2812-9349-418F-AC44-F6822DEE9229}.Release|Any CPU.ActiveCfg = Release|Any CPU
		{CF0C2812-9349-418F-AC44-F6822DEE9229}.Release|Any CPU.Build.0 = Release|Any CPU
	EndGlobalSection
	GlobalSection(SolutionProperties) = preSolution
		HideSolutionNode = FALSE
	EndGlobalSection
	GlobalSection(ExtensibilityGlobals) = postSolution
		SolutionGuid = {18F318FF-887D-438D-997C-A73439DB374F}
	EndGlobalSection
EndGlobal
